
Microsoft Visual Studio Solution File, Format Version 12.00
# Visual Studio 14
VisualStudioVersion = 14.0.25420.1
MinimumVisualStudioVersion = 10.0.40219.1
Project("{FAE04EC0-301F-11D3-BF4B-00C04F79EFBC}") = "JS_Exercise01", "JS_Exercise01\JS_Exercise01.csproj", "{CAAC0CBC-A402-42B8-A4BD-7DCFB70519AD}"
EndProject
Global
	GlobalSection(SolutionConfigurationPlatforms) = preSolution
		Debug|Any CPU = Debug|Any CPU
		Release|Any CPU = Release|Any CPU
	EndGlobalSection
	GlobalSection(ProjectConfigurationPlatforms) = postSolution
		{CAAC0CBC-A402-42B8-A4BD-7DCFB70519AD}.Debug|Any CPU.ActiveCfg = Debug|Any CPU
		{CAAC0CBC-A402-42B8-A4BD-7DCFB70519AD}.Debug|Any CPU.Build.0 = Debug|Any CPU
		{CAAC0CBC-A402-42B8-A4BD-7DCFB70519AD}.Release|Any CPU.ActiveCfg = Release|Any CPU
		{CAAC0CBC-A402-42B8-A4BD-7DCFB70519AD}.Release|Any CPU.Build.0 = Release|Any CPU
	EndGlobalSection
	GlobalSection(SolutionProperties) = preSolution
		HideSolutionNode = FALSE
	EndGlobalSection
EndGlobal
